
Microsoft Visual Studio Solution File, Format Version 12.00
# Visual Studio Version 16
VisualStudioVersion = 16.0.31729.503
MinimumVisualStudioVersion = 10.0.40219.1
Project("{FAE04EC0-301F-11D3-BF4B-00C04F79EFBC}") = "XOX", "XOX\XOX.csproj", "{23D32FAC-6985-4179-BCB9-197027662A37}"
EndProject
Global
	GlobalSection(SolutionConfigurationPlatforms) = preSolution
		Debug|Any CPU = Debug|Any CPU
		Release|Any CPU = Release|Any CPU
	EndGlobalSection
	GlobalSection(ProjectConfigurationPlatforms) = postSolution
		{23D32FAC-6985-4179-BCB9-197027662A37}.Debug|Any CPU.ActiveCfg = Debug|Any CPU
		{23D32FAC-6985-4179-BCB9-197027662A37}.Debug|Any CPU.Build.0 = Debug|Any CPU
		{23D32FAC-6985-4179-BCB9-197027662A37}.Release|Any CPU.ActiveCfg = Release|Any CPU
		{23D32FAC-6985-4179-BCB9-197027662A37}.Release|Any CPU.Build.0 = Release|Any CPU
	EndGlobalSection
	GlobalSection(SolutionProperties) = preSolution
		HideSolutionNode = FALSE
	EndGlobalSection
	GlobalSection(ExtensibilityGlobals) = postSolution
		SolutionGuid = {59F84367-4516-4349-8EE7-3B3D81931F26}
	EndGlobalSection
EndGlobal
